// !$*UTF8*$!
{
	archiveVersion = 1;
	classes = {
	};
	objectVersion = 46;
	objects = {

/* Begin PBXBuildFile section */
		E43E952B1D5530E5008B6828 /* Specials.plist in Resources */ = {isa = PBXBuildFile; fileRef = E43E952A1D5530E5008B6828 /* Specials.plist */; };
		E4CFD79D1D51103400D6A93B /* AppDelegate.swift in Sources */ = {isa = PBXBuildFile; fileRef = E4CFD79C1D51103400D6A93B /* AppDelegate.swift */; };
		E4CFD79F1D51103400D6A93B /* ViewController.swift in Sources */ = {isa = PBXBuildFile; fileRef = E4CFD79E1D51103400D6A93B /* ViewController.swift */; };
		E4CFD7A21D51103400D6A93B /* Main.storyboard in Resources */ = {isa = PBXBuildFile; fileRef = E4CFD7A01D51103400D6A93B /* Main.storyboard */; };
		E4CFD7A41D51103400D6A93B /* Assets.xcassets in Resources */ = {isa = PBXBuildFile; fileRef = E4CFD7A31D51103400D6A93B /* Assets.xcassets */; };
		E4CFD7A71D51103400D6A93B /* LaunchScreen.storyboard in Resources */ = {isa = PBXBuildFile; fileRef = E4CFD7A51D51103400D6A93B /* LaunchScreen.storyboard */; };
		E4CFD7B21D51103500D6A93B /* BPartSTests.swift in Sources */ = {isa = PBXBuildFile; fileRef = E4CFD7B11D51103500D6A93B /* BPartSTests.swift */; };
		E4CFD7C11D5110E900D6A93B /* CreatureController.swift in Sources */ = {isa = PBXBuildFile; fileRef = E4CFD7C01D5110E900D6A93B /* CreatureController.swift */; };
		E4CFD7C31D5111D000D6A93B /* DataStore.swift in Sources */ = {isa = PBXBuildFile; fileRef = E4CFD7C21D5111D000D6A93B /* DataStore.swift */; };
		E4CFD7C51D51120E00D6A93B /* BodyMorphs.plist in Resources */ = {isa = PBXBuildFile; fileRef = E4CFD7C41D51120E00D6A93B /* BodyMorphs.plist */; };
		E4CFD7C71D51121800D6A93B /* BodyStates.plist in Resources */ = {isa = PBXBuildFile; fileRef = E4CFD7C61D51121800D6A93B /* BodyStates.plist */; };
		E4CFD7C91D511CBC00D6A93B /* GameScene.swift in Sources */ = {isa = PBXBuildFile; fileRef = E4CFD7C81D511CBC00D6A93B /* GameScene.swift */; };
		E4E72ECE1D52634C00843AB5 /* Races.plist in Resources */ = {isa = PBXBuildFile; fileRef = E4E72ECD1D52634C00843AB5 /* Races.plist */; };
		E4E72ED01D52648100843AB5 /* Creature.swift in Sources */ = {isa = PBXBuildFile; fileRef = E4E72ECF1D52648100843AB5 /* Creature.swift */; };
		E4E72ED21D526BD500843AB5 /* Colors.plist in Resources */ = {isa = PBXBuildFile; fileRef = E4E72ED11D526BD500843AB5 /* Colors.plist */; };
		E4E72ED41D52712500843AB5 /* Armors.plist in Resources */ = {isa = PBXBuildFile; fileRef = E4E72ED31D52712500843AB5 /* Armors.plist */; };
		E4E72ED61D5293BA00843AB5 /* Game.swift in Sources */ = {isa = PBXBuildFile; fileRef = E4E72ED51D5293BA00843AB5 /* Game.swift */; };
		E4E72ED81D52B2E400843AB5 /* Weapons.plist in Resources */ = {isa = PBXBuildFile; fileRef = E4E72ED71D52B2E400843AB5 /* Weapons.plist */; };
		E4E72EDA1D52B7A600843AB5 /* Animations.plist in Resources */ = {isa = PBXBuildFile; fileRef = E4E72ED91D52B7A600843AB5 /* Animations.plist */; };
/* End PBXBuildFile section */

/* Begin PBXContainerItemProxy section */
		E4CFD7AE1D51103400D6A93B /* PBXContainerItemProxy */ = {
			isa = PBXContainerItemProxy;
			containerPortal = E4CFD7911D51103400D6A93B /* Project object */;
			proxyType = 1;
			remoteGlobalIDString = E4CFD7981D51103400D6A93B;
			remoteInfo = BPartS;
		};
/* End PBXContainerItemProxy section */

/* Begin PBXFileReference section */
		E43E952A1D5530E5008B6828 /* Specials.plist */ = {isa = PBXFileReference; fileEncoding = 4; lastKnownFileType = text.plist.xml; path = Specials.plist; sourceTree = "<group>"; };
		E4CFD7991D51103400D6A93B /* BPartS.app */ = {isa = PBXFileReference; explicitFileType = wrapper.application; includeInIndex = 0; path = BPartS.app; sourceTree = BUILT_PRODUCTS_DIR; };
		E4CFD79C1D51103400D6A93B /* AppDelegate.swift */ = {isa = PBXFileReference; lastKnownFileType = sourcecode.swift; path = AppDelegate.swift; sourceTree = "<group>"; };
		E4CFD79E1D51103400D6A93B /* ViewController.swift */ = {isa = PBXFileReference; lastKnownFileType = sourcecode.swift; path = ViewController.swift; sourceTree = "<group>"; };
		E4CFD7A11D51103400D6A93B /* Base */ = {isa = PBXFileReference; lastKnownFileType = file.storyboard; name = Base; path = Base.lproj/Main.storyboard; sourceTree = "<group>"; };
		E4CFD7A31D51103400D6A93B /* Assets.xcassets */ = {isa = PBXFileReference; lastKnownFileType = folder.assetcatalog; path = Assets.xcassets; sourceTree = "<group>"; };
		E4CFD7A61D51103400D6A93B /* Base */ = {isa = PBXFileReference; lastKnownFileType = file.storyboard; name = Base; path = Base.lproj/LaunchScreen.storyboard; sourceTree = "<group>"; };
		E4CFD7A81D51103400D6A93B /* Info.plist */ = {isa = PBXFileReference; lastKnownFileType = text.plist.xml; path = Info.plist; sourceTree = "<group>"; };
		E4CFD7AD1D51103400D6A93B /* BPartSTests.xctest */ = {isa = PBXFileReference; explicitFileType = wrapper.cfbundle; includeInIndex = 0; path = BPartSTests.xctest; sourceTree = BUILT_PRODUCTS_DIR; };
		E4CFD7B11D51103500D6A93B /* BPartSTests.swift */ = {isa = PBXFileReference; lastKnownFileType = sourcecode.swift; path = BPartSTests.swift; sourceTree = "<group>"; };
		E4CFD7B31D51103500D6A93B /* Info.plist */ = {isa = PBXFileReference; lastKnownFileType = text.plist.xml; path = Info.plist; sourceTree = "<group>"; };
		E4CFD7C01D5110E900D6A93B /* CreatureController.swift */ = {isa = PBXFileReference; fileEncoding = 4; lastKnownFileType = sourcecode.swift; path = CreatureController.swift; sourceTree = "<group>"; };
		E4CFD7C21D5111D000D6A93B /* DataStore.swift */ = {isa = PBXFileReference; fileEncoding = 4; lastKnownFileType = sourcecode.swift; path = DataStore.swift; sourceTree = "<group>"; };
		E4CFD7C41D51120E00D6A93B /* BodyMorphs.plist */ = {isa = PBXFileReference; fileEncoding = 4; lastKnownFileType = text.plist.xml; path = BodyMorphs.plist; sourceTree = "<group>"; };
		E4CFD7C61D51121800D6A93B /* BodyStates.plist */ = {isa = PBXFileReference; fileEncoding = 4; lastKnownFileType = text.plist.xml; path = BodyStates.plist; sourceTree = "<group>"; };
		E4CFD7C81D511CBC00D6A93B /* GameScene.swift */ = {isa = PBXFileReference; fileEncoding = 4; lastKnownFileType = sourcecode.swift; path = GameScene.swift; sourceTree = "<group>"; };
		E4E72ECD1D52634C00843AB5 /* Races.plist */ = {isa = PBXFileReference; fileEncoding = 4; lastKnownFileType = text.plist.xml; path = Races.plist; sourceTree = "<group>"; };
		E4E72ECF1D52648100843AB5 /* Creature.swift */ = {isa = PBXFileReference; fileEncoding = 4; lastKnownFileType = sourcecode.swift; path = Creature.swift; sourceTree = "<group>"; };
		E4E72ED11D526BD500843AB5 /* Colors.plist */ = {isa = PBXFileReference; fileEncoding = 4; lastKnownFileType = text.plist.xml; path = Colors.plist; sourceTree = "<group>"; };
		E4E72ED31D52712500843AB5 /* Armors.plist */ = {isa = PBXFileReference; fileEncoding = 4; lastKnownFileType = text.plist.xml; path = Armors.plist; sourceTree = "<group>"; };
		E4E72ED51D5293BA00843AB5 /* Game.swift */ = {isa = PBXFileReference; fileEncoding = 4; lastKnownFileType = sourcecode.swift; path = Game.swift; sourceTree = "<group>"; };
		E4E72ED71D52B2E400843AB5 /* Weapons.plist */ = {isa = PBXFileReference; fileEncoding = 4; lastKnownFileType = text.plist.xml; path = Weapons.plist; sourceTree = "<group>"; };
		E4E72ED91D52B7A600843AB5 /* Animations.plist */ = {isa = PBXFileReference; fileEncoding = 4; lastKnownFileType = text.plist.xml; path = Animations.plist; sourceTree = "<group>"; };
/* End PBXFileReference section */

/* Begin PBXFrameworksBuildPhase section */
		E4CFD7961D51103400D6A93B /* Frameworks */ = {
			isa = PBXFrameworksBuildPhase;
			buildActionMask = 2147483647;
			files = (
			);
			runOnlyForDeploymentPostprocessing = 0;
		};
		E4CFD7AA1D51103400D6A93B /* Frameworks */ = {
			isa = PBXFrameworksBuildPhase;
			buildActionMask = 2147483647;
			files = (
			);
			runOnlyForDeploymentPostprocessing = 0;
		};
/* End PBXFrameworksBuildPhase section */

/* Begin PBXGroup section */
		E4CFD7901D51103400D6A93B = {
			isa = PBXGroup;
			children = (
				E4CFD79B1D51103400D6A93B /* BPartS */,
				E4CFD7B01D51103400D6A93B /* BPartSTests */,
				E4CFD79A1D51103400D6A93B /* Products */,
			);
			sourceTree = "<group>";
		};
		E4CFD79A1D51103400D6A93B /* Products */ = {
			isa = PBXGroup;
			children = (
				E4CFD7991D51103400D6A93B /* BPartS.app */,
				E4CFD7AD1D51103400D6A93B /* BPartSTests.xctest */,
			);
			name = Products;
			sourceTree = "<group>";
		};
		E4CFD79B1D51103400D6A93B /* BPartS */ = {
			isa = PBXGroup;
			children = (
				E4CFD7BF1D5110B000D6A93B /* Supporting Files */,
				E4CFD7BC1D5110A200D6A93B /* Model */,
				E4CFD7BE1D5110AD00D6A93B /* View */,
				E4CFD7BD1D5110A600D6A93B /* Controller */,
			);
			path = BPartS;
			sourceTree = "<group>";
		};
		E4CFD7B01D51103400D6A93B /* BPartSTests */ = {
			isa = PBXGroup;
			children = (
				E4CFD7B11D51103500D6A93B /* BPartSTests.swift */,
				E4CFD7B31D51103500D6A93B /* Info.plist */,
			);
			path = BPartSTests;
			sourceTree = "<group>";
		};
		E4CFD7BC1D5110A200D6A93B /* Model */ = {
			isa = PBXGroup;
			children = (
				E4E72ECF1D52648100843AB5 /* Creature.swift */,
				E4E72ED51D5293BA00843AB5 /* Game.swift */,
				E4CFD7C21D5111D000D6A93B /* DataStore.swift */,
			);
			name = Model;
			sourceTree = "<group>";
		};
		E4CFD7BD1D5110A600D6A93B /* Controller */ = {
			isa = PBXGroup;
			children = (
				E4CFD7C01D5110E900D6A93B /* CreatureController.swift */,
				E4CFD79E1D51103400D6A93B /* ViewController.swift */,
				E4CFD7C81D511CBC00D6A93B /* GameScene.swift */,
			);
			name = Controller;
			sourceTree = "<group>";
		};
		E4CFD7BE1D5110AD00D6A93B /* View */ = {
			isa = PBXGroup;
			children = (
				E4CFD7A01D51103400D6A93B /* Main.storyboard */,
			);
			name = View;
			sourceTree = "<group>";
		};
		E4CFD7BF1D5110B000D6A93B /* Supporting Files */ = {
			isa = PBXGroup;
			children = (
				E43E952A1D5530E5008B6828 /* Specials.plist */,
				E4E72ED91D52B7A600843AB5 /* Animations.plist */,
				E4E72ED71D52B2E400843AB5 /* Weapons.plist */,
				E4E72ED31D52712500843AB5 /* Armors.plist */,
				E4E72ED11D526BD500843AB5 /* Colors.plist */,
				E4E72ECD1D52634C00843AB5 /* Races.plist */,
				E4CFD7C41D51120E00D6A93B /* BodyMorphs.plist */,
				E4CFD7C61D51121800D6A93B /* BodyStates.plist */,
				E4CFD7A31D51103400D6A93B /* Assets.xcassets */,
				E4CFD7A51D51103400D6A93B /* LaunchScreen.storyboard */,
				E4CFD7A81D51103400D6A93B /* Info.plist */,
				E4CFD79C1D51103400D6A93B /* AppDelegate.swift */,
			);
			name = "Supporting Files";
			sourceTree = "<group>";
		};
/* End PBXGroup section */

/* Begin PBXNativeTarget section */
		E4CFD7981D51103400D6A93B /* BPartS */ = {
			isa = PBXNativeTarget;
			buildConfigurationList = E4CFD7B61D51103500D6A93B /* Build configuration list for PBXNativeTarget "BPartS" */;
			buildPhases = (
				E4CFD7951D51103400D6A93B /* Sources */,
				E4CFD7961D51103400D6A93B /* Frameworks */,
				E4CFD7971D51103400D6A93B /* Resources */,
			);
			buildRules = (
			);
			dependencies = (
			);
			name = BPartS;
			productName = BPartS;
			productReference = E4CFD7991D51103400D6A93B /* BPartS.app */;
			productType = "com.apple.product-type.application";
		};
		E4CFD7AC1D51103400D6A93B /* BPartSTests */ = {
			isa = PBXNativeTarget;
			buildConfigurationList = E4CFD7B91D51103500D6A93B /* Build configuration list for PBXNativeTarget "BPartSTests" */;
			buildPhases = (
				E4CFD7A91D51103400D6A93B /* Sources */,
				E4CFD7AA1D51103400D6A93B /* Frameworks */,
				E4CFD7AB1D51103400D6A93B /* Resources */,
			);
			buildRules = (
			);
			dependencies = (
				E4CFD7AF1D51103400D6A93B /* PBXTargetDependency */,
			);
			name = BPartSTests;
			productName = BPartSTests;
			productReference = E4CFD7AD1D51103400D6A93B /* BPartSTests.xctest */;
			productType = "com.apple.product-type.bundle.unit-test";
		};
/* End PBXNativeTarget section */

/* Begin PBXProject section */
		E4CFD7911D51103400D6A93B /* Project object */ = {
			isa = PBXProject;
			attributes = {
				LastSwiftUpdateCheck = 0730;
				LastUpgradeCheck = 0730;
				ORGANIZATIONNAME = "Theodore Abshire";
				TargetAttributes = {
					E4CFD7981D51103400D6A93B = {
						CreatedOnToolsVersion = 7.3.1;
					};
					E4CFD7AC1D51103400D6A93B = {
						CreatedOnToolsVersion = 7.3.1;
						TestTargetID = E4CFD7981D51103400D6A93B;
					};
				};
			};
			buildConfigurationList = E4CFD7941D51103400D6A93B /* Build configuration list for PBXProject "BPartS" */;
			compatibilityVersion = "Xcode 3.2";
			developmentRegion = English;
			hasScannedForEncodings = 0;
			knownRegions = (
				en,
				Base,
			);
			mainGroup = E4CFD7901D51103400D6A93B;
			productRefGroup = E4CFD79A1D51103400D6A93B /* Products */;
			projectDirPath = "";
			projectRoot = "";
			targets = (
				E4CFD7981D51103400D6A93B /* BPartS */,
				E4CFD7AC1D51103400D6A93B /* BPartSTests */,
			);
		};
/* End PBXProject section */

/* Begin PBXResourcesBuildPhase section */
		E4CFD7971D51103400D6A93B /* Resources */ = {
			isa = PBXResourcesBuildPhase;
			buildActionMask = 2147483647;
			files = (
				E43E952B1D5530E5008B6828 /* Specials.plist in Resources */,
				E4E72ED81D52B2E400843AB5 /* Weapons.plist in Resources */,
				E4CFD7C71D51121800D6A93B /* BodyStates.plist in Resources */,
				E4CFD7A71D51103400D6A93B /* LaunchScreen.storyboard in Resources */,
				E4E72ED41D52712500843AB5 /* Armors.plist in Resources */,
				E4CFD7C51D51120E00D6A93B /* BodyMorphs.plist in Resources */,
				E4CFD7A41D51103400D6A93B /* Assets.xcassets in Resources */,
				E4CFD7A21D51103400D6A93B /* Main.storyboard in Resources */,
				E4E72EDA1D52B7A600843AB5 /* Animations.plist in Resources */,
				E4E72ECE1D52634C00843AB5 /* Races.plist in Resources */,
				E4E72ED21D526BD500843AB5 /* Colors.plist in Resources */,
			);
			runOnlyForDeploymentPostprocessing = 0;
		};
		E4CFD7AB1D51103400D6A93B /* Resources */ = {
			isa = PBXResourcesBuildPhase;
			buildActionMask = 2147483647;
			files = (
			);
			runOnlyForDeploymentPostprocessing = 0;
		};
/* End PBXResourcesBuildPhase section */

/* Begin PBXSourcesBuildPhase section */
		E4CFD7951D51103400D6A93B /* Sources */ = {
			isa = PBXSourcesBuildPhase;
			buildActionMask = 2147483647;
			files = (
				E4CFD7C91D511CBC00D6A93B /* GameScene.swift in Sources */,
				E4CFD79F1D51103400D6A93B /* ViewController.swift in Sources */,
				E4E72ED61D5293BA00843AB5 /* Game.swift in Sources */,
				E4E72ED01D52648100843AB5 /* Creature.swift in Sources */,
				E4CFD7C31D5111D000D6A93B /* DataStore.swift in Sources */,
				E4CFD7C11D5110E900D6A93B /* CreatureController.swift in Sources */,
				E4CFD79D1D51103400D6A93B /* AppDelegate.swift in Sources */,
			);
			runOnlyForDeploymentPostprocessing = 0;
		};
		E4CFD7A91D51103400D6A93B /* Sources */ = {
			isa = PBXSourcesBuildPhase;
			buildActionMask = 2147483647;
			files = (
				E4CFD7B21D51103500D6A93B /* BPartSTests.swift in Sources */,
			);
			runOnlyForDeploymentPostprocessing = 0;
		};
/* End PBXSourcesBuildPhase section */

/* Begin PBXTargetDependency section */
		E4CFD7AF1D51103400D6A93B /* PBXTargetDependency */ = {
			isa = PBXTargetDependency;
			target = E4CFD7981D51103400D6A93B /* BPartS */;
			targetProxy = E4CFD7AE1D51103400D6A93B /* PBXContainerItemProxy */;
		};
/* End PBXTargetDependency section */

/* Begin PBXVariantGroup section */
		E4CFD7A01D51103400D6A93B /* Main.storyboard */ = {
			isa = PBXVariantGroup;
			children = (
				E4CFD7A11D51103400D6A93B /* Base */,
			);
			name = Main.storyboard;
			sourceTree = "<group>";
		};
		E4CFD7A51D51103400D6A93B /* LaunchScreen.storyboard */ = {
			isa = PBXVariantGroup;
			children = (
				E4CFD7A61D51103400D6A93B /* Base */,
			);
			name = LaunchScreen.storyboard;
			sourceTree = "<group>";
		};
/* End PBXVariantGroup section */

/* Begin XCBuildConfiguration section */
		E4CFD7B41D51103500D6A93B /* Debug */ = {
			isa = XCBuildConfiguration;
			buildSettings = {
				ALWAYS_SEARCH_USER_PATHS = NO;
				CLANG_ANALYZER_NONNULL = YES;
				CLANG_CXX_LANGUAGE_STANDARD = "gnu++0x";
				CLANG_CXX_LIBRARY = "libc++";
				CLANG_ENABLE_MODULES = YES;
				CLANG_ENABLE_OBJC_ARC = YES;
				CLANG_WARN_BOOL_CONVERSION = YES;
				CLANG_WARN_CONSTANT_CONVERSION = YES;
				CLANG_WARN_DIRECT_OBJC_ISA_USAGE = YES_ERROR;
				CLANG_WARN_EMPTY_BODY = YES;
				CLANG_WARN_ENUM_CONVERSION = YES;
				CLANG_WARN_INT_CONVERSION = YES;
				CLANG_WARN_OBJC_ROOT_CLASS = YES_ERROR;
				CLANG_WARN_UNREACHABLE_CODE = YES;
				CLANG_WARN__DUPLICATE_METHOD_MATCH = YES;
				"CODE_SIGN_IDENTITY[sdk=iphoneos*]" = "iPhone Developer";
				COPY_PHASE_STRIP = NO;
				DEBUG_INFORMATION_FORMAT = dwarf;
				ENABLE_STRICT_OBJC_MSGSEND = YES;
				ENABLE_TESTABILITY = YES;
				GCC_C_LANGUAGE_STANDARD = gnu99;
				GCC_DYNAMIC_NO_PIC = NO;
				GCC_NO_COMMON_BLOCKS = YES;
				GCC_OPTIMIZATION_LEVEL = 0;
				GCC_PREPROCESSOR_DEFINITIONS = (
					"DEBUG=1",
					"$(inherited)",
				);
				GCC_WARN_64_TO_32_BIT_CONVERSION = YES;
				GCC_WARN_ABOUT_RETURN_TYPE = YES_ERROR;
				GCC_WARN_UNDECLARED_SELECTOR = YES;
				GCC_WARN_UNINITIALIZED_AUTOS = YES_AGGRESSIVE;
				GCC_WARN_UNUSED_FUNCTION = YES;
				GCC_WARN_UNUSED_VARIABLE = YES;
				IPHONEOS_DEPLOYMENT_TARGET = 9.3;
				MTL_ENABLE_DEBUG_INFO = YES;
				ONLY_ACTIVE_ARCH = YES;
				SDKROOT = iphoneos;
				SWIFT_OPTIMIZATION_LEVEL = "-Onone";
			};
			name = Debug;
		};
		E4CFD7B51D51103500D6A93B /* Release */ = {
			isa = XCBuildConfiguration;
			buildSettings = {
				ALWAYS_SEARCH_USER_PATHS = NO;
				CLANG_ANALYZER_NONNULL = YES;
				CLANG_CXX_LANGUAGE_STANDARD = "gnu++0x";
				CLANG_CXX_LIBRARY = "libc++";
				CLANG_ENABLE_MODULES = YES;
				CLANG_ENABLE_OBJC_ARC = YES;
				CLANG_WARN_BOOL_CONVERSION = YES;
				CLANG_WARN_CONSTANT_CONVERSION = YES;
				CLANG_WARN_DIRECT_OBJC_ISA_USAGE = YES_ERROR;
				CLANG_WARN_EMPTY_BODY = YES;
				CLANG_WARN_ENUM_CONVERSION = YES;
				CLANG_WARN_INT_CONVERSION = YES;
				CLANG_WARN_OBJC_ROOT_CLASS = YES_ERROR;
				CLANG_WARN_UNREACHABLE_CODE = YES;
				CLANG_WARN__DUPLICATE_METHOD_MATCH = YES;
				"CODE_SIGN_IDENTITY[sdk=iphoneos*]" = "iPhone Developer";
				COPY_PHASE_STRIP = NO;
				DEBUG_INFORMATION_FORMAT = "dwarf-with-dsym";
				ENABLE_NS_ASSERTIONS = NO;
				ENABLE_STRICT_OBJC_MSGSEND = YES;
				GCC_C_LANGUAGE_STANDARD = gnu99;
				GCC_NO_COMMON_BLOCKS = YES;
				GCC_WARN_64_TO_32_BIT_CONVERSION = YES;
				GCC_WARN_ABOUT_RETURN_TYPE = YES_ERROR;
				GCC_WARN_UNDECLARED_SELECTOR = YES;
				GCC_WARN_UNINITIALIZED_AUTOS = YES_AGGRESSIVE;
				GCC_WARN_UNUSED_FUNCTION = YES;
				GCC_WARN_UNUSED_VARIABLE = YES;
				IPHONEOS_DEPLOYMENT_TARGET = 9.3;
				MTL_ENABLE_DEBUG_INFO = NO;
				SDKROOT = iphoneos;
				VALIDATE_PRODUCT = YES;
			};
			name = Release;
		};
		E4CFD7B71D51103500D6A93B /* Debug */ = {
			isa = XCBuildConfiguration;
			buildSettings = {
				ASSETCATALOG_COMPILER_APPICON_NAME = AppIcon;
				INFOPLIST_FILE = BPartS/Info.plist;
				LD_RUNPATH_SEARCH_PATHS = "$(inherited) @executable_path/Frameworks";
				PRODUCT_BUNDLE_IDENTIFIER = THEODAB.BPartS;
				PRODUCT_NAME = "$(TARGET_NAME)";
			};
			name = Debug;
		};
		E4CFD7B81D51103500D6A93B /* Release */ = {
			isa = XCBuildConfiguration;
			buildSettings = {
				ASSETCATALOG_COMPILER_APPICON_NAME = AppIcon;
				INFOPLIST_FILE = BPartS/Info.plist;
				LD_RUNPATH_SEARCH_PATHS = "$(inherited) @executable_path/Frameworks";
				PRODUCT_BUNDLE_IDENTIFIER = THEODAB.BPartS;
				PRODUCT_NAME = "$(TARGET_NAME)";
			};
			name = Release;
		};
		E4CFD7BA1D51103500D6A93B /* Debug */ = {
			isa = XCBuildConfiguration;
			buildSettings = {
				BUNDLE_LOADER = "$(TEST_HOST)";
				INFOPLIST_FILE = BPartSTests/Info.plist;
				LD_RUNPATH_SEARCH_PATHS = "$(inherited) @executable_path/Frameworks @loader_path/Frameworks";
				PRODUCT_BUNDLE_IDENTIFIER = THEODAB.BPartSTests;
				PRODUCT_NAME = "$(TARGET_NAME)";
				TEST_HOST = "$(BUILT_PRODUCTS_DIR)/BPartS.app/BPartS";
			};
			name = Debug;
		};
		E4CFD7BB1D51103500D6A93B /* Release */ = {
			isa = XCBuildConfiguration;
			buildSettings = {
				BUNDLE_LOADER = "$(TEST_HOST)";
				INFOPLIST_FILE = BPartSTests/Info.plist;
				LD_RUNPATH_SEARCH_PATHS = "$(inherited) @executable_path/Frameworks @loader_path/Frameworks";
				PRODUCT_BUNDLE_IDENTIFIER = THEODAB.BPartSTests;
				PRODUCT_NAME = "$(TARGET_NAME)";
				TEST_HOST = "$(BUILT_PRODUCTS_DIR)/BPartS.app/BPartS";
			};
			name = Release;
		};
/* End XCBuildConfiguration section */

/* Begin XCConfigurationList section */
		E4CFD7941D51103400D6A93B /* Build configuration list for PBXProject "BPartS" */ = {
			isa = XCConfigurationList;
			buildConfigurations = (
				E4CFD7B41D51103500D6A93B /* Debug */,
				E4CFD7B51D51103500D6A93B /* Release */,
			);
			defaultConfigurationIsVisible = 0;
			defaultConfigurationName = Release;
		};
		E4CFD7B61D51103500D6A93B /* Build configuration list for PBXNativeTarget "BPartS" */ = {
			isa = XCConfigurationList;
			buildConfigurations = (
				E4CFD7B71D51103500D6A93B /* Debug */,
				E4CFD7B81D51103500D6A93B /* Release */,
			);
			defaultConfigurationIsVisible = 0;
			defaultConfigurationName = Release;
		};
		E4CFD7B91D51103500D6A93B /* Build configuration list for PBXNativeTarget "BPartSTests" */ = {
			isa = XCConfigurationList;
			buildConfigurations = (
				E4CFD7BA1D51103500D6A93B /* Debug */,
				E4CFD7BB1D51103500D6A93B /* Release */,
			);
			defaultConfigurationIsVisible = 0;
			defaultConfigurationName = Release;
		};
/* End XCConfigurationList section */
	};
	rootObject = E4CFD7911D51103400D6A93B /* Project object */;
}
